{
  "name": "@hydre.io/aegis-auth-password",
  "version": "0.0.1",
  "lockfileVersion": 1,
  "requires": true,
  "dependencies": {
    "html-es6cape": {
      "version": "1.0.5",
      "resolved": "https://registry.npmjs.org/html-es6cape/-/html-es6cape-1.0.5.tgz",
      "integrity": "sha1-86Q3iDsFlKAbF1pqKDMJCSCzfYU="
    },
    "html-template-tag": {
      "version": "2.0.0",
      "resolved": "https://registry.npmjs.org/html-template-tag/-/html-template-tag-2.0.0.tgz",
      "integrity": "sha512-29sYQ4KhBNWRXNx+bnwv3FLQAB7ZQDptT3z2vE7Bu0xhsQVDbQDk6tEz4MZ0Cn4HI5OoNXzc6/chdeXvjUhDWg==",
      "requires": {
        "html-es6cape": "^1.0.5"
      }
    },
    "passport-local": {
      "version": "1.0.0",
      "resolved": "https://registry.npmjs.org/passport-local/-/passport-local-1.0.0.tgz",
      "integrity": "sha1-H+YyaMkudWBmJkN+O5BmYsFbpu4=",
      "requires": {
        "passport-strategy": "1.x.x"
      }
    },
    "passport-strategy": {
      "version": "1.0.0",
      "resolved": "https://registry.npmjs.org/passport-strategy/-/passport-strategy-1.0.0.tgz",
      "integrity": "sha1-tVOaqPwiWj0a0XlHbd8ja0QPUuQ="
    }
  }
}
