{
  "name": "@hydre.io/aegis-auth-password",
  "version": "0.0.1",
  "lockfileVersion": 1,
  "requires": true,
  "dependencies": {
    "@phc/format": {
      "version": "0.4.2",
      "resolved": "https://registry.npmjs.org/@phc/format/-/format-0.4.2.tgz",
      "integrity": "sha512-4UhR3nSQYhIULx8L+y2xWbAemlJ6cyVkmxj8V1L+SycRS2tE86v2ZW7kDfAMkiyiwd2jB9rttsfe8UlUoikq/Q==",
      "requires": {
        "safe-buffer": "^5.1.1"
      }
    },
    "any-promise": {
      "version": "1.3.0",
      "resolved": "https://registry.npmjs.org/any-promise/-/any-promise-1.3.0.tgz",
      "integrity": "sha1-q8av7tzqUugJzcA3au0845Y10X8="
    },
    "argon2": {
      "version": "0.19.3",
      "resolved": "https://registry.npmjs.org/argon2/-/argon2-0.19.3.tgz",
      "integrity": "sha1-TlnLO89dHwnKB7RScWM0Zw75oLc=",
      "requires": {
        "@phc/format": "^0.4.2",
        "any-promise": "^1.3.0",
        "bindings": "^1.3.0",
        "nan": "^2.10.0"
      }
    },
    "bindings": {
      "version": "1.3.0",
      "resolved": "https://registry.npmjs.org/bindings/-/bindings-1.3.0.tgz",
      "integrity": "sha512-DpLh5EzMR2kzvX1KIlVC0VkC3iZtHKTgdtZ0a3pglBZdaQFjt5S9g9xd1lE+YvXyfd6mtCeRnrUfOLYiTMlNSw=="
    },
    "html-es6cape": {
      "version": "1.0.5",
      "resolved": "https://registry.npmjs.org/html-es6cape/-/html-es6cape-1.0.5.tgz",
      "integrity": "sha1-86Q3iDsFlKAbF1pqKDMJCSCzfYU="
    },
    "html-template-tag": {
      "version": "2.0.0",
      "resolved": "https://registry.npmjs.org/html-template-tag/-/html-template-tag-2.0.0.tgz",
      "integrity": "sha512-29sYQ4KhBNWRXNx+bnwv3FLQAB7ZQDptT3z2vE7Bu0xhsQVDbQDk6tEz4MZ0Cn4HI5OoNXzc6/chdeXvjUhDWg==",
      "requires": {
        "html-es6cape": "^1.0.5"
      }
    },
    "nan": {
      "version": "2.10.0",
      "resolved": "https://registry.npmjs.org/nan/-/nan-2.10.0.tgz",
      "integrity": "sha512-bAdJv7fBLhWC+/Bls0Oza+mvTaNQtP+1RyhhhvD95pgUJz6XM5IzgmxOkItJ9tkoCiplvAnXI1tNmmUD/eScyA=="
    },
    "passport-local": {
      "version": "1.0.0",
      "resolved": "https://registry.npmjs.org/passport-local/-/passport-local-1.0.0.tgz",
      "integrity": "sha1-H+YyaMkudWBmJkN+O5BmYsFbpu4=",
      "requires": {
        "passport-strategy": "1.x.x"
      }
    },
    "passport-strategy": {
      "version": "1.0.0",
      "resolved": "https://registry.npmjs.org/passport-strategy/-/passport-strategy-1.0.0.tgz",
      "integrity": "sha1-tVOaqPwiWj0a0XlHbd8ja0QPUuQ="
    },
    "safe-buffer": {
      "version": "5.1.2",
      "resolved": "https://registry.npmjs.org/safe-buffer/-/safe-buffer-5.1.2.tgz",
      "integrity": "sha512-Gd2UZBJDkXlY7GbJxfsE8/nvKkUEU1G38c1siN6QP6a9PT9MmHB8GnpscSmMJSoF8LOIrt8ud/wPtojys4G6+g=="
    }
  }
}
